
Microsoft Visual Studio Solution File, Format Version 12.00
# Visual Studio Version 17
VisualStudioVersion = 17.0.32014.148
MinimumVisualStudioVersion = 10.0.40219.1
Project("{FAE04EC0-301F-11D3-BF4B-00C04F79EFBC}") = "INeedAUniqueUserna.me", "INeedAUniqueUserna.me.csproj", "{C702BBD1-CD32-4EA0-9A0C-DA2C6E2AD301}"
EndProject
Global
	GlobalSection(SolutionConfigurationPlatforms) = preSolution
		Debug|Any CPU = Debug|Any CPU
		Release|Any CPU = Release|Any CPU
	EndGlobalSection
	GlobalSection(ProjectConfigurationPlatforms) = postSolution
		{C702BBD1-CD32-4EA0-9A0C-DA2C6E2AD301}.Debug|Any CPU.ActiveCfg = Debug|Any CPU
		{C702BBD1-CD32-4EA0-9A0C-DA2C6E2AD301}.Debug|Any CPU.Build.0 = Debug|Any CPU
		{C702BBD1-CD32-4EA0-9A0C-DA2C6E2AD301}.Release|Any CPU.ActiveCfg = Release|Any CPU
		{C702BBD1-CD32-4EA0-9A0C-DA2C6E2AD301}.Release|Any CPU.Build.0 = Release|Any CPU
	EndGlobalSection
	GlobalSection(SolutionProperties) = preSolution
		HideSolutionNode = FALSE
	EndGlobalSection
	GlobalSection(ExtensibilityGlobals) = postSolution
		SolutionGuid = {2F18A6D3-6179-4335-BE7C-4B2913716811}
	EndGlobalSection
EndGlobal
